
Microsoft Visual Studio Solution File, Format Version 12.00
# Visual Studio Version 17
VisualStudioVersion = 17.12.35707.178 d17.12
MinimumVisualStudioVersion = 10.0.40219.1
Project("{FAE04EC0-301F-11D3-BF4B-00C04F79EFBC}") = "FribergAdminWebApi", "FribergAdminWebApi\FribergAdminWebApi.csproj", "{C9C49DEA-F2E4-4CB5-A885-326A387E95EE}"
EndProject
Global
	GlobalSection(SolutionConfigurationPlatforms) = preSolution
		Debug|Any CPU = Debug|Any CPU
		Release|Any CPU = Release|Any CPU
	EndGlobalSection
	GlobalSection(ProjectConfigurationPlatforms) = postSolution
		{C9C49DEA-F2E4-4CB5-A885-326A387E95EE}.Debug|Any CPU.ActiveCfg = Debug|Any CPU
		{C9C49DEA-F2E4-4CB5-A885-326A387E95EE}.Debug|Any CPU.Build.0 = Debug|Any CPU
		{C9C49DEA-F2E4-4CB5-A885-326A387E95EE}.Release|Any CPU.ActiveCfg = Release|Any CPU
		{C9C49DEA-F2E4-4CB5-A885-326A387E95EE}.Release|Any CPU.Build.0 = Release|Any CPU
	EndGlobalSection
	GlobalSection(SolutionProperties) = preSolution
		HideSolutionNode = FALSE
	EndGlobalSection
EndGlobal
